
Microsoft Visual Studio Solution File, Format Version 12.00
# Visual Studio Version 17
VisualStudioVersion = 17.4.33122.133
MinimumVisualStudioVersion = 10.0.40219.1
Project("{FAE04EC0-301F-11D3-BF4B-00C04F79EFBC}") = "calculadora2", "calculadora2\calculadora2.csproj", "{CD426B98-AA70-4120-921E-EDE3B64F8406}"
EndProject
Global
	GlobalSection(SolutionConfigurationPlatforms) = preSolution
		Debug|Any CPU = Debug|Any CPU
		Release|Any CPU = Release|Any CPU
	EndGlobalSection
	GlobalSection(ProjectConfigurationPlatforms) = postSolution
		{CD426B98-AA70-4120-921E-EDE3B64F8406}.Debug|Any CPU.ActiveCfg = Debug|Any CPU
		{CD426B98-AA70-4120-921E-EDE3B64F8406}.Debug|Any CPU.Build.0 = Debug|Any CPU
		{CD426B98-AA70-4120-921E-EDE3B64F8406}.Release|Any CPU.ActiveCfg = Release|Any CPU
		{CD426B98-AA70-4120-921E-EDE3B64F8406}.Release|Any CPU.Build.0 = Release|Any CPU
	EndGlobalSection
	GlobalSection(SolutionProperties) = preSolution
		HideSolutionNode = FALSE
	EndGlobalSection
	GlobalSection(ExtensibilityGlobals) = postSolution
		SolutionGuid = {3FA31459-00C2-4044-B201-48003B70255F}
	EndGlobalSection
EndGlobal
